// !$*UTF8*$!
{
	archiveVersion = 1;
	classes = {
	};
	objectVersion = 46;
	objects = {

/* Begin PBXBuildFile section */
		045DC9791C22F7FD00A554D7 /* Meme.swift in Sources */ = {isa = PBXBuildFile; fileRef = 045DC9781C22F7FD00A554D7 /* Meme.swift */; };
		046DC2541C19C60B005FE7CB /* AppDelegate.swift in Sources */ = {isa = PBXBuildFile; fileRef = 046DC2531C19C60B005FE7CB /* AppDelegate.swift */; };
		046DC2561C19C60B005FE7CB /* MemeEditorViewController.swift in Sources */ = {isa = PBXBuildFile; fileRef = 046DC2551C19C60B005FE7CB /* MemeEditorViewController.swift */; };
		046DC2591C19C60B005FE7CB /* Main.storyboard in Resources */ = {isa = PBXBuildFile; fileRef = 046DC2571C19C60B005FE7CB /* Main.storyboard */; };
		046DC25C1C19C60B005FE7CB /* MemeMe.xcdatamodeld in Sources */ = {isa = PBXBuildFile; fileRef = 046DC25A1C19C60B005FE7CB /* MemeMe.xcdatamodeld */; };
		046DC25E1C19C60B005FE7CB /* Assets.xcassets in Resources */ = {isa = PBXBuildFile; fileRef = 046DC25D1C19C60B005FE7CB /* Assets.xcassets */; };
		046DC2611C19C60B005FE7CB /* LaunchScreen.storyboard in Resources */ = {isa = PBXBuildFile; fileRef = 046DC25F1C19C60B005FE7CB /* LaunchScreen.storyboard */; };
		046DC26C1C19C60B005FE7CB /* MemeMeTests.swift in Sources */ = {isa = PBXBuildFile; fileRef = 046DC26B1C19C60B005FE7CB /* MemeMeTests.swift */; };
		046DC2771C19C60B005FE7CB /* MemeMeUITests.swift in Sources */ = {isa = PBXBuildFile; fileRef = 046DC2761C19C60B005FE7CB /* MemeMeUITests.swift */; };
		04EF51CB1C30221D006F2BAA /* MemeCollectionViewController.swift in Sources */ = {isa = PBXBuildFile; fileRef = 04EF51CA1C30221D006F2BAA /* MemeCollectionViewController.swift */; };
		04EF51CD1C302233006F2BAA /* MemeTableViewController.swift in Sources */ = {isa = PBXBuildFile; fileRef = 04EF51CC1C302233006F2BAA /* MemeTableViewController.swift */; };
		04EF51CF1C302247006F2BAA /* MemeDetailViewController.swift in Sources */ = {isa = PBXBuildFile; fileRef = 04EF51CE1C302247006F2BAA /* MemeDetailViewController.swift */; };
		04EF51D11C30227E006F2BAA /* MemeCollectionViewCell.swift in Sources */ = {isa = PBXBuildFile; fileRef = 04EF51D01C30227E006F2BAA /* MemeCollectionViewCell.swift */; };
/* End PBXBuildFile section */

/* Begin PBXContainerItemProxy section */
		046DC2681C19C60B005FE7CB /* PBXContainerItemProxy */ = {
			isa = PBXContainerItemProxy;
			containerPortal = 046DC2481C19C60B005FE7CB /* Project object */;
			proxyType = 1;
			remoteGlobalIDString = 046DC24F1C19C60B005FE7CB;
			remoteInfo = MemeMe;
		};
		046DC2731C19C60B005FE7CB /* PBXContainerItemProxy */ = {
			isa = PBXContainerItemProxy;
			containerPortal = 046DC2481C19C60B005FE7CB /* Project object */;
			proxyType = 1;
			remoteGlobalIDString = 046DC24F1C19C60B005FE7CB;
			remoteInfo = MemeMe;
		};
/* End PBXContainerItemProxy section */

/* Begin PBXFileReference section */
		045DC9781C22F7FD00A554D7 /* Meme.swift */ = {isa = PBXFileReference; fileEncoding = 4; lastKnownFileType = sourcecode.swift; path = Meme.swift; sourceTree = "<group>"; };
		046DC2501C19C60B005FE7CB /* MemeMe.app */ = {isa = PBXFileReference; explicitFileType = wrapper.application; includeInIndex = 0; path = MemeMe.app; sourceTree = BUILT_PRODUCTS_DIR; };
		046DC2531C19C60B005FE7CB /* AppDelegate.swift */ = {isa = PBXFileReference; lastKnownFileType = sourcecode.swift; path = AppDelegate.swift; sourceTree = "<group>"; };
		046DC2551C19C60B005FE7CB /* MemeEditorViewController.swift */ = {isa = PBXFileReference; lastKnownFileType = sourcecode.swift; path = MemeEditorViewController.swift; sourceTree = "<group>"; };
		046DC2581C19C60B005FE7CB /* Base */ = {isa = PBXFileReference; lastKnownFileType = file.storyboard; name = Base; path = Base.lproj/Main.storyboard; sourceTree = "<group>"; };
		046DC25B1C19C60B005FE7CB /* MemeMe.xcdatamodel */ = {isa = PBXFileReference; lastKnownFileType = wrapper.xcdatamodel; path = MemeMe.xcdatamodel; sourceTree = "<group>"; };
		046DC25D1C19C60B005FE7CB /* Assets.xcassets */ = {isa = PBXFileReference; lastKnownFileType = folder.assetcatalog; path = Assets.xcassets; sourceTree = "<group>"; };
		046DC2601C19C60B005FE7CB /* Base */ = {isa = PBXFileReference; lastKnownFileType = file.storyboard; name = Base; path = Base.lproj/LaunchScreen.storyboard; sourceTree = "<group>"; };
		046DC2621C19C60B005FE7CB /* Info.plist */ = {isa = PBXFileReference; lastKnownFileType = text.plist.xml; path = Info.plist; sourceTree = "<group>"; };
		046DC2671C19C60B005FE7CB /* MemeMeTests.xctest */ = {isa = PBXFileReference; explicitFileType = wrapper.cfbundle; includeInIndex = 0; path = MemeMeTests.xctest; sourceTree = BUILT_PRODUCTS_DIR; };
		046DC26B1C19C60B005FE7CB /* MemeMeTests.swift */ = {isa = PBXFileReference; lastKnownFileType = sourcecode.swift; path = MemeMeTests.swift; sourceTree = "<group>"; };
		046DC26D1C19C60B005FE7CB /* Info.plist */ = {isa = PBXFileReference; lastKnownFileType = text.plist.xml; path = Info.plist; sourceTree = "<group>"; };
		046DC2721C19C60B005FE7CB /* MemeMeUITests.xctest */ = {isa = PBXFileReference; explicitFileType = wrapper.cfbundle; includeInIndex = 0; path = MemeMeUITests.xctest; sourceTree = BUILT_PRODUCTS_DIR; };
		046DC2761C19C60B005FE7CB /* MemeMeUITests.swift */ = {isa = PBXFileReference; lastKnownFileType = sourcecode.swift; path = MemeMeUITests.swift; sourceTree = "<group>"; };
		046DC2781C19C60B005FE7CB /* Info.plist */ = {isa = PBXFileReference; lastKnownFileType = text.plist.xml; path = Info.plist; sourceTree = "<group>"; };
		04EF51CA1C30221D006F2BAA /* MemeCollectionViewController.swift */ = {isa = PBXFileReference; fileEncoding = 4; lastKnownFileType = sourcecode.swift; path = MemeCollectionViewController.swift; sourceTree = "<group>"; };
		04EF51CC1C302233006F2BAA /* MemeTableViewController.swift */ = {isa = PBXFileReference; fileEncoding = 4; lastKnownFileType = sourcecode.swift; path = MemeTableViewController.swift; sourceTree = "<group>"; };
		04EF51CE1C302247006F2BAA /* MemeDetailViewController.swift */ = {isa = PBXFileReference; fileEncoding = 4; lastKnownFileType = sourcecode.swift; path = MemeDetailViewController.swift; sourceTree = "<group>"; };
		04EF51D01C30227E006F2BAA /* MemeCollectionViewCell.swift */ = {isa = PBXFileReference; fileEncoding = 4; lastKnownFileType = sourcecode.swift; path = MemeCollectionViewCell.swift; sourceTree = "<group>"; };
/* End PBXFileReference section */

/* Begin PBXFrameworksBuildPhase section */
		046DC24D1C19C60B005FE7CB /* Frameworks */ = {
			isa = PBXFrameworksBuildPhase;
			buildActionMask = 2147483647;
			files = (
			);
			runOnlyForDeploymentPostprocessing = 0;
		};
		046DC2641C19C60B005FE7CB /* Frameworks */ = {
			isa = PBXFrameworksBuildPhase;
			buildActionMask = 2147483647;
			files = (
			);
			runOnlyForDeploymentPostprocessing = 0;
		};
		046DC26F1C19C60B005FE7CB /* Frameworks */ = {
			isa = PBXFrameworksBuildPhase;
			buildActionMask = 2147483647;
			files = (
			);
			runOnlyForDeploymentPostprocessing = 0;
		};
/* End PBXFrameworksBuildPhase section */

/* Begin PBXGroup section */
		046DC2471C19C60B005FE7CB = {
			isa = PBXGroup;
			children = (
				046DC2521C19C60B005FE7CB /* MemeMe */,
				046DC26A1C19C60B005FE7CB /* MemeMeTests */,
				046DC2751C19C60B005FE7CB /* MemeMeUITests */,
				046DC2511C19C60B005FE7CB /* Products */,
			);
			sourceTree = "<group>";
		};
		046DC2511C19C60B005FE7CB /* Products */ = {
			isa = PBXGroup;
			children = (
				046DC2501C19C60B005FE7CB /* MemeMe.app */,
				046DC2671C19C60B005FE7CB /* MemeMeTests.xctest */,
				046DC2721C19C60B005FE7CB /* MemeMeUITests.xctest */,
			);
			name = Products;
			sourceTree = "<group>";
		};
		046DC2521C19C60B005FE7CB /* MemeMe */ = {
			isa = PBXGroup;
			children = (
				046DC2531C19C60B005FE7CB /* AppDelegate.swift */,
				046DC2551C19C60B005FE7CB /* MemeEditorViewController.swift */,
				04EF51CA1C30221D006F2BAA /* MemeCollectionViewController.swift */,
				04EF51CC1C302233006F2BAA /* MemeTableViewController.swift */,
				04EF51CE1C302247006F2BAA /* MemeDetailViewController.swift */,
				04EF51D01C30227E006F2BAA /* MemeCollectionViewCell.swift */,
				046DC2571C19C60B005FE7CB /* Main.storyboard */,
				045DC9781C22F7FD00A554D7 /* Meme.swift */,
				046DC25D1C19C60B005FE7CB /* Assets.xcassets */,
				046DC25F1C19C60B005FE7CB /* LaunchScreen.storyboard */,
				046DC2621C19C60B005FE7CB /* Info.plist */,
				046DC25A1C19C60B005FE7CB /* MemeMe.xcdatamodeld */,
			);
			path = MemeMe;
			sourceTree = "<group>";
		};
		046DC26A1C19C60B005FE7CB /* MemeMeTests */ = {
			isa = PBXGroup;
			children = (
				046DC26B1C19C60B005FE7CB /* MemeMeTests.swift */,
				046DC26D1C19C60B005FE7CB /* Info.plist */,
			);
			path = MemeMeTests;
			sourceTree = "<group>";
		};
		046DC2751C19C60B005FE7CB /* MemeMeUITests */ = {
			isa = PBXGroup;
			children = (
				046DC2761C19C60B005FE7CB /* MemeMeUITests.swift */,
				046DC2781C19C60B005FE7CB /* Info.plist */,
			);
			path = MemeMeUITests;
			sourceTree = "<group>";
		};
/* End PBXGroup section */

/* Begin PBXNativeTarget section */
		046DC24F1C19C60B005FE7CB /* MemeMe */ = {
			isa = PBXNativeTarget;
			buildConfigurationList = 046DC27B1C19C60B005FE7CB /* Build configuration list for PBXNativeTarget "MemeMe" */;
			buildPhases = (
				046DC24C1C19C60B005FE7CB /* Sources */,
				046DC24D1C19C60B005FE7CB /* Frameworks */,
				046DC24E1C19C60B005FE7CB /* Resources */,
			);
			buildRules = (
			);
			dependencies = (
			);
			name = MemeMe;
			productName = MemeMe;
			productReference = 046DC2501C19C60B005FE7CB /* MemeMe.app */;
			productType = "com.apple.product-type.application";
		};
		046DC2661C19C60B005FE7CB /* MemeMeTests */ = {
			isa = PBXNativeTarget;
			buildConfigurationList = 046DC27E1C19C60B005FE7CB /* Build configuration list for PBXNativeTarget "MemeMeTests" */;
			buildPhases = (
				046DC2631C19C60B005FE7CB /* Sources */,
				046DC2641C19C60B005FE7CB /* Frameworks */,
				046DC2651C19C60B005FE7CB /* Resources */,
			);
			buildRules = (
			);
			dependencies = (
				046DC2691C19C60B005FE7CB /* PBXTargetDependency */,
			);
			name = MemeMeTests;
			productName = MemeMeTests;
			productReference = 046DC2671C19C60B005FE7CB /* MemeMeTests.xctest */;
			productType = "com.apple.product-type.bundle.unit-test";
		};
		046DC2711C19C60B005FE7CB /* MemeMeUITests */ = {
			isa = PBXNativeTarget;
			buildConfigurationList = 046DC2811C19C60B005FE7CB /* Build configuration list for PBXNativeTarget "MemeMeUITests" */;
			buildPhases = (
				046DC26E1C19C60B005FE7CB /* Sources */,
				046DC26F1C19C60B005FE7CB /* Frameworks */,
				046DC2701C19C60B005FE7CB /* Resources */,
			);
			buildRules = (
			);
			dependencies = (
				046DC2741C19C60B005FE7CB /* PBXTargetDependency */,
			);
			name = MemeMeUITests;
			productName = MemeMeUITests;
			productReference = 046DC2721C19C60B005FE7CB /* MemeMeUITests.xctest */;
			productType = "com.apple.product-type.bundle.ui-testing";
		};
/* End PBXNativeTarget section */

/* Begin PBXProject section */
		046DC2481C19C60B005FE7CB /* Project object */ = {
			isa = PBXProject;
			attributes = {
				LastUpgradeCheck = 0700;
				ORGANIZATIONNAME = "Kalpesh Balar";
				TargetAttributes = {
					046DC24F1C19C60B005FE7CB = {
						CreatedOnToolsVersion = 7.0.1;
						DevelopmentTeam = 8Y39RW3ZFQ;
					};
					046DC2661C19C60B005FE7CB = {
						CreatedOnToolsVersion = 7.0.1;
						TestTargetID = 046DC24F1C19C60B005FE7CB;
					};
					046DC2711C19C60B005FE7CB = {
						CreatedOnToolsVersion = 7.0.1;
						TestTargetID = 046DC24F1C19C60B005FE7CB;
					};
				};
			};
			buildConfigurationList = 046DC24B1C19C60B005FE7CB /* Build configuration list for PBXProject "MemeMe" */;
			compatibilityVersion = "Xcode 3.2";
			developmentRegion = English;
			hasScannedForEncodings = 0;
			knownRegions = (
				en,
				Base,
			);
			mainGroup = 046DC2471C19C60B005FE7CB;
			productRefGroup = 046DC2511C19C60B005FE7CB /* Products */;
			projectDirPath = "";
			projectRoot = "";
			targets = (
				046DC24F1C19C60B005FE7CB /* MemeMe */,
				046DC2661C19C60B005FE7CB /* MemeMeTests */,
				046DC2711C19C60B005FE7CB /* MemeMeUITests */,
			);
		};
/* End PBXProject section */

/* Begin PBXResourcesBuildPhase section */
		046DC24E1C19C60B005FE7CB /* Resources */ = {
			isa = PBXResourcesBuildPhase;
			buildActionMask = 2147483647;
			files = (
				046DC2611C19C60B005FE7CB /* LaunchScreen.storyboard in Resources */,
				046DC25E1C19C60B005FE7CB /* Assets.xcassets in Resources */,
				046DC2591C19C60B005FE7CB /* Main.storyboard in Resources */,
			);
			runOnlyForDeploymentPostprocessing = 0;
		};
		046DC2651C19C60B005FE7CB /* Resources */ = {
			isa = PBXResourcesBuildPhase;
			buildActionMask = 2147483647;
			files = (
			);
			runOnlyForDeploymentPostprocessing = 0;
		};
		046DC2701C19C60B005FE7CB /* Resources */ = {
			isa = PBXResourcesBuildPhase;
			buildActionMask = 2147483647;
			files = (
			);
			runOnlyForDeploymentPostprocessing = 0;
		};
/* End PBXResourcesBuildPhase section */

/* Begin PBXSourcesBuildPhase section */
		046DC24C1C19C60B005FE7CB /* Sources */ = {
			isa = PBXSourcesBuildPhase;
			buildActionMask = 2147483647;
			files = (
				04EF51D11C30227E006F2BAA /* MemeCollectionViewCell.swift in Sources */,
				046DC25C1C19C60B005FE7CB /* MemeMe.xcdatamodeld in Sources */,
				045DC9791C22F7FD00A554D7 /* Meme.swift in Sources */,
				04EF51CB1C30221D006F2BAA /* MemeCollectionViewController.swift in Sources */,
				04EF51CD1C302233006F2BAA /* MemeTableViewController.swift in Sources */,
				04EF51CF1C302247006F2BAA /* MemeDetailViewController.swift in Sources */,
				046DC2561C19C60B005FE7CB /* MemeEditorViewController.swift in Sources */,
				046DC2541C19C60B005FE7CB /* AppDelegate.swift in Sources */,
			);
			runOnlyForDeploymentPostprocessing = 0;
		};
		046DC2631C19C60B005FE7CB /* Sources */ = {
			isa = PBXSourcesBuildPhase;
			buildActionMask = 2147483647;
			files = (
				046DC26C1C19C60B005FE7CB /* MemeMeTests.swift in Sources */,
			);
			runOnlyForDeploymentPostprocessing = 0;
		};
		046DC26E1C19C60B005FE7CB /* Sources */ = {
			isa = PBXSourcesBuildPhase;
			buildActionMask = 2147483647;
			files = (
				046DC2771C19C60B005FE7CB /* MemeMeUITests.swift in Sources */,
			);
			runOnlyForDeploymentPostprocessing = 0;
		};
/* End PBXSourcesBuildPhase section */

/* Begin PBXTargetDependency section */
		046DC2691C19C60B005FE7CB /* PBXTargetDependency */ = {
			isa = PBXTargetDependency;
			target = 046DC24F1C19C60B005FE7CB /* MemeMe */;
			targetProxy = 046DC2681C19C60B005FE7CB /* PBXContainerItemProxy */;
		};
		046DC2741C19C60B005FE7CB /* PBXTargetDependency */ = {
			isa = PBXTargetDependency;
			target = 046DC24F1C19C60B005FE7CB /* MemeMe */;
			targetProxy = 046DC2731C19C60B005FE7CB /* PBXContainerItemProxy */;
		};
/* End PBXTargetDependency section */

/* Begin PBXVariantGroup section */
		046DC2571C19C60B005FE7CB /* Main.storyboard */ = {
			isa = PBXVariantGroup;
			children = (
				046DC2581C19C60B005FE7CB /* Base */,
			);
			name = Main.storyboard;
			sourceTree = "<group>";
		};
		046DC25F1C19C60B005FE7CB /* LaunchScreen.storyboard */ = {
			isa = PBXVariantGroup;
			children = (
				046DC2601C19C60B005FE7CB /* Base */,
			);
			name = LaunchScreen.storyboard;
			sourceTree = "<group>";
		};
/* End PBXVariantGroup section */

/* Begin XCBuildConfiguration section */
		046DC2791C19C60B005FE7CB /* Debug */ = {
			isa = XCBuildConfiguration;
			buildSettings = {
				ALWAYS_SEARCH_USER_PATHS = NO;
				CLANG_CXX_LANGUAGE_STANDARD = "gnu++0x";
				CLANG_CXX_LIBRARY = "libc++";
				CLANG_ENABLE_MODULES = YES;
				CLANG_ENABLE_OBJC_ARC = YES;
				CLANG_WARN_BOOL_CONVERSION = YES;
				CLANG_WARN_CONSTANT_CONVERSION = YES;
				CLANG_WARN_DIRECT_OBJC_ISA_USAGE = YES_ERROR;
				CLANG_WARN_EMPTY_BODY = YES;
				CLANG_WARN_ENUM_CONVERSION = YES;
				CLANG_WARN_INT_CONVERSION = YES;
				CLANG_WARN_OBJC_ROOT_CLASS = YES_ERROR;
				CLANG_WARN_UNREACHABLE_CODE = YES;
				CLANG_WARN__DUPLICATE_METHOD_MATCH = YES;
				"CODE_SIGN_IDENTITY[sdk=iphoneos*]" = "iPhone Developer";
				COPY_PHASE_STRIP = NO;
				DEBUG_INFORMATION_FORMAT = dwarf;
				ENABLE_STRICT_OBJC_MSGSEND = YES;
				ENABLE_TESTABILITY = YES;
				GCC_C_LANGUAGE_STANDARD = gnu99;
				GCC_DYNAMIC_NO_PIC = NO;
				GCC_NO_COMMON_BLOCKS = YES;
				GCC_OPTIMIZATION_LEVEL = 0;
				GCC_PREPROCESSOR_DEFINITIONS = (
					"DEBUG=1",
					"$(inherited)",
				);
				GCC_WARN_64_TO_32_BIT_CONVERSION = YES;
				GCC_WARN_ABOUT_RETURN_TYPE = YES_ERROR;
				GCC_WARN_UNDECLARED_SELECTOR = YES;
				GCC_WARN_UNINITIALIZED_AUTOS = YES_AGGRESSIVE;
				GCC_WARN_UNUSED_FUNCTION = YES;
				GCC_WARN_UNUSED_VARIABLE = YES;
				IPHONEOS_DEPLOYMENT_TARGET = 9.0;
				MTL_ENABLE_DEBUG_INFO = YES;
				ONLY_ACTIVE_ARCH = YES;
				SDKROOT = iphoneos;
				SWIFT_OPTIMIZATION_LEVEL = "-Onone";
			};
			name = Debug;
		};
		046DC27A1C19C60B005FE7CB /* Release */ = {
			isa = XCBuildConfiguration;
			buildSettings = {
				ALWAYS_SEARCH_USER_PATHS = NO;
				CLANG_CXX_LANGUAGE_STANDARD = "gnu++0x";
				CLANG_CXX_LIBRARY = "libc++";
				CLANG_ENABLE_MODULES = YES;
				CLANG_ENABLE_OBJC_ARC = YES;
				CLANG_WARN_BOOL_CONVERSION = YES;
				CLANG_WARN_CONSTANT_CONVERSION = YES;
				CLANG_WARN_DIRECT_OBJC_ISA_USAGE = YES_ERROR;
				CLANG_WARN_EMPTY_BODY = YES;
				CLANG_WARN_ENUM_CONVERSION = YES;
				CLANG_WARN_INT_CONVERSION = YES;
				CLANG_WARN_OBJC_ROOT_CLASS = YES_ERROR;
				CLANG_WARN_UNREACHABLE_CODE = YES;
				CLANG_WARN__DUPLICATE_METHOD_MATCH = YES;
				"CODE_SIGN_IDENTITY[sdk=iphoneos*]" = "iPhone Developer";
				COPY_PHASE_STRIP = NO;
				DEBUG_INFORMATION_FORMAT = "dwarf-with-dsym";
				ENABLE_NS_ASSERTIONS = NO;
				ENABLE_STRICT_OBJC_MSGSEND = YES;
				GCC_C_LANGUAGE_STANDARD = gnu99;
				GCC_NO_COMMON_BLOCKS = YES;
				GCC_WARN_64_TO_32_BIT_CONVERSION = YES;
				GCC_WARN_ABOUT_RETURN_TYPE = YES_ERROR;
				GCC_WARN_UNDECLARED_SELECTOR = YES;
				GCC_WARN_UNINITIALIZED_AUTOS = YES_AGGRESSIVE;
				GCC_WARN_UNUSED_FUNCTION = YES;
				GCC_WARN_UNUSED_VARIABLE = YES;
				IPHONEOS_DEPLOYMENT_TARGET = 9.0;
				MTL_ENABLE_DEBUG_INFO = NO;
				SDKROOT = iphoneos;
				VALIDATE_PRODUCT = YES;
			};
			name = Release;
		};
		046DC27C1C19C60B005FE7CB /* Debug */ = {
			isa = XCBuildConfiguration;
			buildSettings = {
				ASSETCATALOG_COMPILER_APPICON_NAME = AppIcon;
				CODE_SIGN_IDENTITY = "iPhone Developer";
				"CODE_SIGN_IDENTITY[sdk=iphoneos*]" = "iPhone Developer";
				INFOPLIST_FILE = MemeMe/Info.plist;
				LD_RUNPATH_SEARCH_PATHS = "$(inherited) @executable_path/Frameworks";
				PRODUCT_BUNDLE_IDENTIFIER = kal.pesh.MemeMe;
				PRODUCT_NAME = "$(TARGET_NAME)";
				PROVISIONING_PROFILE = "";
			};
			name = Debug;
		};
		046DC27D1C19C60B005FE7CB /* Release */ = {
			isa = XCBuildConfiguration;
			buildSettings = {
				ASSETCATALOG_COMPILER_APPICON_NAME = AppIcon;
				CODE_SIGN_IDENTITY = "iPhone Developer";
				"CODE_SIGN_IDENTITY[sdk=iphoneos*]" = "iPhone Developer";
				INFOPLIST_FILE = MemeMe/Info.plist;
				LD_RUNPATH_SEARCH_PATHS = "$(inherited) @executable_path/Frameworks";
				PRODUCT_BUNDLE_IDENTIFIER = kal.pesh.MemeMe;
				PRODUCT_NAME = "$(TARGET_NAME)";
				PROVISIONING_PROFILE = "";
			};
			name = Release;
		};
		046DC27F1C19C60B005FE7CB /* Debug */ = {
			isa = XCBuildConfiguration;
			buildSettings = {
				BUNDLE_LOADER = "$(TEST_HOST)";
				INFOPLIST_FILE = MemeMeTests/Info.plist;
				LD_RUNPATH_SEARCH_PATHS = "$(inherited) @executable_path/Frameworks @loader_path/Frameworks";
				PRODUCT_BUNDLE_IDENTIFIER = kal.pesh.MemeMeTests;
				PRODUCT_NAME = "$(TARGET_NAME)";
				TEST_HOST = "$(BUILT_PRODUCTS_DIR)/MemeMe.app/MemeMe";
			};
			name = Debug;
		};
		046DC2801C19C60B005FE7CB /* Release */ = {
			isa = XCBuildConfiguration;
			buildSettings = {
				BUNDLE_LOADER = "$(TEST_HOST)";
				INFOPLIST_FILE = MemeMeTests/Info.plist;
				LD_RUNPATH_SEARCH_PATHS = "$(inherited) @executable_path/Frameworks @loader_path/Frameworks";
				PRODUCT_BUNDLE_IDENTIFIER = kal.pesh.MemeMeTests;
				PRODUCT_NAME = "$(TARGET_NAME)";
				TEST_HOST = "$(BUILT_PRODUCTS_DIR)/MemeMe.app/MemeMe";
			};
			name = Release;
		};
		046DC2821C19C60B005FE7CB /* Debug */ = {
			isa = XCBuildConfiguration;
			buildSettings = {
				INFOPLIST_FILE = MemeMeUITests/Info.plist;
				LD_RUNPATH_SEARCH_PATHS = "$(inherited) @executable_path/Frameworks @loader_path/Frameworks";
				PRODUCT_BUNDLE_IDENTIFIER = kal.pesh.MemeMeUITests;
				PRODUCT_NAME = "$(TARGET_NAME)";
				TEST_TARGET_NAME = MemeMe;
				USES_XCTRUNNER = YES;
			};
			name = Debug;
		};
		046DC2831C19C60B005FE7CB /* Release */ = {
			isa = XCBuildConfiguration;
			buildSettings = {
				INFOPLIST_FILE = MemeMeUITests/Info.plist;
				LD_RUNPATH_SEARCH_PATHS = "$(inherited) @executable_path/Frameworks @loader_path/Frameworks";
				PRODUCT_BUNDLE_IDENTIFIER = kal.pesh.MemeMeUITests;
				PRODUCT_NAME = "$(TARGET_NAME)";
				TEST_TARGET_NAME = MemeMe;
				USES_XCTRUNNER = YES;
			};
			name = Release;
		};
/* End XCBuildConfiguration section */

/* Begin XCConfigurationList section */
		046DC24B1C19C60B005FE7CB /* Build configuration list for PBXProject "MemeMe" */ = {
			isa = XCConfigurationList;
			buildConfigurations = (
				046DC2791C19C60B005FE7CB /* Debug */,
				046DC27A1C19C60B005FE7CB /* Release */,
			);
			defaultConfigurationIsVisible = 0;
			defaultConfigurationName = Release;
		};
		046DC27B1C19C60B005FE7CB /* Build configuration list for PBXNativeTarget "MemeMe" */ = {
			isa = XCConfigurationList;
			buildConfigurations = (
				046DC27C1C19C60B005FE7CB /* Debug */,
				046DC27D1C19C60B005FE7CB /* Release */,
			);
			defaultConfigurationIsVisible = 0;
			defaultConfigurationName = Release;
		};
		046DC27E1C19C60B005FE7CB /* Build configuration list for PBXNativeTarget "MemeMeTests" */ = {
			isa = XCConfigurationList;
			buildConfigurations = (
				046DC27F1C19C60B005FE7CB /* Debug */,
				046DC2801C19C60B005FE7CB /* Release */,
			);
			defaultConfigurationIsVisible = 0;
			defaultConfigurationName = Release;
		};
		046DC2811C19C60B005FE7CB /* Build configuration list for PBXNativeTarget "MemeMeUITests" */ = {
			isa = XCConfigurationList;
			buildConfigurations = (
				046DC2821C19C60B005FE7CB /* Debug */,
				046DC2831C19C60B005FE7CB /* Release */,
			);
			defaultConfigurationIsVisible = 0;
			defaultConfigurationName = Release;
		};
/* End XCConfigurationList section */

/* Begin XCVersionGroup section */
		046DC25A1C19C60B005FE7CB /* MemeMe.xcdatamodeld */ = {
			isa = XCVersionGroup;
			children = (
				046DC25B1C19C60B005FE7CB /* MemeMe.xcdatamodel */,
			);
			currentVersion = 046DC25B1C19C60B005FE7CB /* MemeMe.xcdatamodel */;
			path = MemeMe.xcdatamodeld;
			sourceTree = "<group>";
			versionGroupType = wrapper.xcdatamodel;
		};
/* End XCVersionGroup section */
	};
	rootObject = 046DC2481C19C60B005FE7CB /* Project object */;
}
